
Microsoft Visual Studio Solution File, Format Version 12.00
# Visual Studio 2012
Project("{FAE04EC0-301F-11D3-BF4B-00C04F79EFBC}") = "Md5UI", "Md5UI\Md5UI.csproj", "{C16319C8-B275-4D09-A645-E9F40EED9601}"
EndProject
Project("{FAE04EC0-301F-11D3-BF4B-00C04F79EFBC}") = "NetduinoMd5Controller", "NetduinoMd5Controller\NetduinoMd5Controller.csproj", "{386CDDBC-EA28-4782-ADE1-5B849F27E7F8}"
EndProject
Global
	GlobalSection(SolutionConfigurationPlatforms) = preSolution
		Debug|Any CPU = Debug|Any CPU
		Release|Any CPU = Release|Any CPU
	EndGlobalSection
	GlobalSection(ProjectConfigurationPlatforms) = postSolution
		{C16319C8-B275-4D09-A645-E9F40EED9601}.Debug|Any CPU.ActiveCfg = Debug|Any CPU
		{C16319C8-B275-4D09-A645-E9F40EED9601}.Debug|Any CPU.Build.0 = Debug|Any CPU
		{C16319C8-B275-4D09-A645-E9F40EED9601}.Release|Any CPU.ActiveCfg = Release|Any CPU
		{C16319C8-B275-4D09-A645-E9F40EED9601}.Release|Any CPU.Build.0 = Release|Any CPU
		{386CDDBC-EA28-4782-ADE1-5B849F27E7F8}.Debug|Any CPU.ActiveCfg = Debug|Any CPU
		{386CDDBC-EA28-4782-ADE1-5B849F27E7F8}.Debug|Any CPU.Build.0 = Debug|Any CPU
		{386CDDBC-EA28-4782-ADE1-5B849F27E7F8}.Debug|Any CPU.Deploy.0 = Debug|Any CPU
		{386CDDBC-EA28-4782-ADE1-5B849F27E7F8}.Release|Any CPU.ActiveCfg = Release|Any CPU
		{386CDDBC-EA28-4782-ADE1-5B849F27E7F8}.Release|Any CPU.Build.0 = Release|Any CPU
		{386CDDBC-EA28-4782-ADE1-5B849F27E7F8}.Release|Any CPU.Deploy.0 = Release|Any CPU
	EndGlobalSection
	GlobalSection(SolutionProperties) = preSolution
		HideSolutionNode = FALSE
	EndGlobalSection
EndGlobal
